
Microsoft Visual Studio Solution File, Format Version 12.00
# Visual Studio Version 17
VisualStudioVersion = 17.10.34825.169
MinimumVisualStudioVersion = 10.0.40219.1
Project("{9A19103F-16F7-4668-BE54-9A1E7A4F7556}") = "ExpenseTraciking.Domain", "src\ExpenseTraciking.Domain\ExpenseTraciking.Domain.csproj", "{F4C20968-384D-4F53-9232-FC40C9FA1621}"
EndProject
Project("{9A19103F-16F7-4668-BE54-9A1E7A4F7556}") = "ExpenseTraciking.Application", "src\ExpenseTraciking.Application\ExpenseTraciking.Application.csproj", "{3814D3BB-A399-46C5-9309-16A7076A44A8}"
EndProject
Project("{9A19103F-16F7-4668-BE54-9A1E7A4F7556}") = "ExpenseTraciking.Infrastructure", "src\ExpenseTraciking.Infrastructure\ExpenseTraciking.Infrastructure.csproj", "{9067BB16-3BC8-42F8-9AB8-9EF8700FE309}"
EndProject
Project("{9A19103F-16F7-4668-BE54-9A1E7A4F7556}") = "ExpenseTraciking.Presentation", "src\ExpenseTraciking.Presentation\ExpenseTraciking.Presentation.csproj", "{A0C323F0-D7CD-4CC9-8DCC-E45C225AA906}"
EndProject
Global
	GlobalSection(SolutionConfigurationPlatforms) = preSolution
		Debug|Any CPU = Debug|Any CPU
		Release|Any CPU = Release|Any CPU
	EndGlobalSection
	GlobalSection(ProjectConfigurationPlatforms) = postSolution
		{F4C20968-384D-4F53-9232-FC40C9FA1621}.Debug|Any CPU.ActiveCfg = Debug|Any CPU
		{F4C20968-384D-4F53-9232-FC40C9FA1621}.Debug|Any CPU.Build.0 = Debug|Any CPU
		{F4C20968-384D-4F53-9232-FC40C9FA1621}.Release|Any CPU.ActiveCfg = Release|Any CPU
		{F4C20968-384D-4F53-9232-FC40C9FA1621}.Release|Any CPU.Build.0 = Release|Any CPU
		{3814D3BB-A399-46C5-9309-16A7076A44A8}.Debug|Any CPU.ActiveCfg = Debug|Any CPU
		{3814D3BB-A399-46C5-9309-16A7076A44A8}.Debug|Any CPU.Build.0 = Debug|Any CPU
		{3814D3BB-A399-46C5-9309-16A7076A44A8}.Release|Any CPU.ActiveCfg = Release|Any CPU
		{3814D3BB-A399-46C5-9309-16A7076A44A8}.Release|Any CPU.Build.0 = Release|Any CPU
		{9067BB16-3BC8-42F8-9AB8-9EF8700FE309}.Debug|Any CPU.ActiveCfg = Debug|Any CPU
		{9067BB16-3BC8-42F8-9AB8-9EF8700FE309}.Debug|Any CPU.Build.0 = Debug|Any CPU
		{9067BB16-3BC8-42F8-9AB8-9EF8700FE309}.Release|Any CPU.ActiveCfg = Release|Any CPU
		{9067BB16-3BC8-42F8-9AB8-9EF8700FE309}.Release|Any CPU.Build.0 = Release|Any CPU
		{A0C323F0-D7CD-4CC9-8DCC-E45C225AA906}.Debug|Any CPU.ActiveCfg = Debug|Any CPU
		{A0C323F0-D7CD-4CC9-8DCC-E45C225AA906}.Debug|Any CPU.Build.0 = Debug|Any CPU
		{A0C323F0-D7CD-4CC9-8DCC-E45C225AA906}.Release|Any CPU.ActiveCfg = Release|Any CPU
		{A0C323F0-D7CD-4CC9-8DCC-E45C225AA906}.Release|Any CPU.Build.0 = Release|Any CPU
	EndGlobalSection
	GlobalSection(SolutionProperties) = preSolution
		HideSolutionNode = FALSE
	EndGlobalSection
	GlobalSection(ExtensibilityGlobals) = postSolution
		SolutionGuid = {2196498D-BF58-4CC9-AD3A-0F3AB2E3FE1C}
	EndGlobalSection
EndGlobal
